
Microsoft Visual Studio Solution File, Format Version 12.00
# Visual Studio 15
Project("{FAE04EC0-301F-11D3-BF4B-00C04F79EFBC}") = "Assembly-CSharp", "Assembly-CSharp.csproj", "{39AD2417-D19A-23B5-909A-5357B93830F1}"
EndProject
Project("{FAE04EC0-301F-11D3-BF4B-00C04F79EFBC}") = "Assembly-CSharp-Editor", "Assembly-CSharp-Editor.csproj", "{AB6EDA2A-9360-8733-BF8E-0DE022FF970F}"
EndProject
Global
	GlobalSection(SolutionConfigurationPlatforms) = preSolution
		Debug|Any CPU = Debug|Any CPU
		Release|Any CPU = Release|Any CPU
	EndGlobalSection
	GlobalSection(ProjectConfigurationPlatforms) = postSolution
		{39AD2417-D19A-23B5-909A-5357B93830F1}.Debug|Any CPU.ActiveCfg = Debug|Any CPU
		{39AD2417-D19A-23B5-909A-5357B93830F1}.Debug|Any CPU.Build.0 = Debug|Any CPU
		{39AD2417-D19A-23B5-909A-5357B93830F1}.Release|Any CPU.ActiveCfg = Release|Any CPU
		{39AD2417-D19A-23B5-909A-5357B93830F1}.Release|Any CPU.Build.0 = Release|Any CPU
		{AB6EDA2A-9360-8733-BF8E-0DE022FF970F}.Debug|Any CPU.ActiveCfg = Debug|Any CPU
		{AB6EDA2A-9360-8733-BF8E-0DE022FF970F}.Debug|Any CPU.Build.0 = Debug|Any CPU
		{AB6EDA2A-9360-8733-BF8E-0DE022FF970F}.Release|Any CPU.ActiveCfg = Release|Any CPU
		{AB6EDA2A-9360-8733-BF8E-0DE022FF970F}.Release|Any CPU.Build.0 = Release|Any CPU
	EndGlobalSection
	GlobalSection(SolutionProperties) = preSolution
		HideSolutionNode = FALSE
	EndGlobalSection
EndGlobal
